
Microsoft Visual Studio Solution File, Format Version 12.00
# Visual Studio Version 16
VisualStudioVersion = 16.0.29025.244
MinimumVisualStudioVersion = 10.0.40219.1
Project("{FAE04EC0-301F-11D3-BF4B-00C04F79EFBC}") = "FirstProjectWithCore", "FirstProjectWithCore\FirstProjectWithCore.csproj", "{00292F91-EE1E-46A7-8E1D-AC6681841AEB}"
EndProject
Global
	GlobalSection(SolutionConfigurationPlatforms) = preSolution
		Debug|Any CPU = Debug|Any CPU
		Release|Any CPU = Release|Any CPU
	EndGlobalSection
	GlobalSection(ProjectConfigurationPlatforms) = postSolution
		{00292F91-EE1E-46A7-8E1D-AC6681841AEB}.Debug|Any CPU.ActiveCfg = Debug|Any CPU
		{00292F91-EE1E-46A7-8E1D-AC6681841AEB}.Debug|Any CPU.Build.0 = Debug|Any CPU
		{00292F91-EE1E-46A7-8E1D-AC6681841AEB}.Release|Any CPU.ActiveCfg = Release|Any CPU
		{00292F91-EE1E-46A7-8E1D-AC6681841AEB}.Release|Any CPU.Build.0 = Release|Any CPU
	EndGlobalSection
	GlobalSection(SolutionProperties) = preSolution
		HideSolutionNode = FALSE
	EndGlobalSection
	GlobalSection(ExtensibilityGlobals) = postSolution
		SolutionGuid = {CD3B66E6-3C6A-4873-95A2-6CE775B22013}
	EndGlobalSection
EndGlobal
